
Microsoft Visual Studio Solution File, Format Version 12.00
# Visual Studio Version 17
VisualStudioVersion = 17.2.32616.157
MinimumVisualStudioVersion = 10.0.40219.1
Project("{FAE04EC0-301F-11D3-BF4B-00C04F79EFBC}") = "Array_And_Collections", "Array_And_Collections\Array_And_Collections.csproj", "{7FD9ADA4-95DB-4A50-AD9F-964EC0DFD160}"
EndProject
Project("{FAE04EC0-301F-11D3-BF4B-00C04F79EFBC}") = "Generics", "Generics\Generics.csproj", "{9D84F1FD-CC06-46B2-9F09-064C7BCFEA5B}"
EndProject
Project("{2150E333-8FDC-42A3-9474-1A3956D46DE8}") = "Linked_List", "Linked_List", "{25F50E25-484B-4341-834C-0428850DF752}"
EndProject
Project("{2150E333-8FDC-42A3-9474-1A3956D46DE8}") = "SinglyLinkedList", "SinglyLinkedList", "{DF190AFD-9351-49E9-A520-7A187682267B}"
EndProject
Project("{FAE04EC0-301F-11D3-BF4B-00C04F79EFBC}") = "SinglyLinkedListt", "SinglyLinkedListt\SinglyLinkedListt.csproj", "{0285ACA7-87A2-49A7-8402-A1B02C4DA739}"
EndProject
Project("{2150E333-8FDC-42A3-9474-1A3956D46DE8}") = "DoublyLinkedList", "DoublyLinkedList", "{346B6FA8-74D7-4558-82E4-693871F786B9}"
EndProject
Project("{FAE04EC0-301F-11D3-BF4B-00C04F79EFBC}") = "LinkedListDouble", "LinkedListDouble\LinkedListDouble.csproj", "{61536B8D-EA82-4C5B-8086-4BBCB970C56D}"
EndProject
Project("{2150E333-8FDC-42A3-9474-1A3956D46DE8}") = "Stackk", "Stackk", "{E235EA9D-A27C-49E3-99B2-8C2FE3BE9C3E}"
EndProject
Project("{2150E333-8FDC-42A3-9474-1A3956D46DE8}") = "Stack1", "Stack1", "{7485CB3A-439C-4266-AEF9-1DBE08E18196}"
EndProject
Project("{FAE04EC0-301F-11D3-BF4B-00C04F79EFBC}") = "Stack", "Stack\Stack.csproj", "{70C21535-E109-4EFA-96D7-79F2E5BDDB0E}"
EndProject
Project("{2150E333-8FDC-42A3-9474-1A3956D46DE8}") = "queue", "queue", "{23F25F93-8A99-4A32-9AB7-A872AC4E3B69}"
EndProject
Project("{2150E333-8FDC-42A3-9474-1A3956D46DE8}") = "Queue", "Queue", "{5761A79C-CF19-419E-B884-8C1D9F62FF53}"
EndProject
Project("{FAE04EC0-301F-11D3-BF4B-00C04F79EFBC}") = "Queue", "Queue\Queue.csproj", "{4049E8C0-9F4E-4D26-B870-A11AA86BAC07}"
EndProject
Project("{2150E333-8FDC-42A3-9474-1A3956D46DE8}") = "Tree", "Tree", "{CEEB1D62-813C-479C-B184-F9CF95C3EAD0}"
EndProject
Project("{2150E333-8FDC-42A3-9474-1A3956D46DE8}") = "Binary_TREE", "Binary_TREE", "{7205FF78-3954-4C3F-8AC7-40AFA029141F}"
EndProject
Project("{2150E333-8FDC-42A3-9474-1A3956D46DE8}") = "BST", "BST", "{EB39084F-AEEA-4A1C-A281-9B0CEBD2D0B7}"
EndProject
Project("{FAE04EC0-301F-11D3-BF4B-00C04F79EFBC}") = "B_S_TREE", "B_S_TREE\B_S_TREE.csproj", "{42FEA438-10D4-40CF-8C94-E4A95431F94B}"
EndProject
Project("{FAE04EC0-301F-11D3-BF4B-00C04F79EFBC}") = "BInaryTree", "BInaryTree\BInaryTree.csproj", "{85E18A9A-85D6-4749-90AC-4EDAC6064F15}"
EndProject
Project("{2150E333-8FDC-42A3-9474-1A3956D46DE8}") = "Priority_Queue_Heap", "Priority_Queue_Heap", "{E0823BF8-7420-4D83-9C14-10F2C3ABAE03}"
EndProject
Project("{FAE04EC0-301F-11D3-BF4B-00C04F79EFBC}") = "BinaryHeap", "BinaryHeap\BinaryHeap.csproj", "{0F08B1A9-6297-4E5A-ACD7-57FD045FC65D}"
EndProject
Global
	GlobalSection(SolutionConfigurationPlatforms) = preSolution
		Debug|Any CPU = Debug|Any CPU
		Release|Any CPU = Release|Any CPU
	EndGlobalSection
	GlobalSection(ProjectConfigurationPlatforms) = postSolution
		{7FD9ADA4-95DB-4A50-AD9F-964EC0DFD160}.Debug|Any CPU.ActiveCfg = Debug|Any CPU
		{7FD9ADA4-95DB-4A50-AD9F-964EC0DFD160}.Debug|Any CPU.Build.0 = Debug|Any CPU
		{7FD9ADA4-95DB-4A50-AD9F-964EC0DFD160}.Release|Any CPU.ActiveCfg = Release|Any CPU
		{7FD9ADA4-95DB-4A50-AD9F-964EC0DFD160}.Release|Any CPU.Build.0 = Release|Any CPU
		{9D84F1FD-CC06-46B2-9F09-064C7BCFEA5B}.Debug|Any CPU.ActiveCfg = Debug|Any CPU
		{9D84F1FD-CC06-46B2-9F09-064C7BCFEA5B}.Debug|Any CPU.Build.0 = Debug|Any CPU
		{9D84F1FD-CC06-46B2-9F09-064C7BCFEA5B}.Release|Any CPU.ActiveCfg = Release|Any CPU
		{9D84F1FD-CC06-46B2-9F09-064C7BCFEA5B}.Release|Any CPU.Build.0 = Release|Any CPU
		{0285ACA7-87A2-49A7-8402-A1B02C4DA739}.Debug|Any CPU.ActiveCfg = Debug|Any CPU
		{0285ACA7-87A2-49A7-8402-A1B02C4DA739}.Debug|Any CPU.Build.0 = Debug|Any CPU
		{0285ACA7-87A2-49A7-8402-A1B02C4DA739}.Release|Any CPU.ActiveCfg = Release|Any CPU
		{0285ACA7-87A2-49A7-8402-A1B02C4DA739}.Release|Any CPU.Build.0 = Release|Any CPU
		{61536B8D-EA82-4C5B-8086-4BBCB970C56D}.Debug|Any CPU.ActiveCfg = Debug|Any CPU
		{61536B8D-EA82-4C5B-8086-4BBCB970C56D}.Debug|Any CPU.Build.0 = Debug|Any CPU
		{61536B8D-EA82-4C5B-8086-4BBCB970C56D}.Release|Any CPU.ActiveCfg = Release|Any CPU
		{61536B8D-EA82-4C5B-8086-4BBCB970C56D}.Release|Any CPU.Build.0 = Release|Any CPU
		{70C21535-E109-4EFA-96D7-79F2E5BDDB0E}.Debug|Any CPU.ActiveCfg = Debug|Any CPU
		{70C21535-E109-4EFA-96D7-79F2E5BDDB0E}.Debug|Any CPU.Build.0 = Debug|Any CPU
		{70C21535-E109-4EFA-96D7-79F2E5BDDB0E}.Release|Any CPU.ActiveCfg = Release|Any CPU
		{70C21535-E109-4EFA-96D7-79F2E5BDDB0E}.Release|Any CPU.Build.0 = Release|Any CPU
		{4049E8C0-9F4E-4D26-B870-A11AA86BAC07}.Debug|Any CPU.ActiveCfg = Debug|Any CPU
		{4049E8C0-9F4E-4D26-B870-A11AA86BAC07}.Debug|Any CPU.Build.0 = Debug|Any CPU
		{4049E8C0-9F4E-4D26-B870-A11AA86BAC07}.Release|Any CPU.ActiveCfg = Release|Any CPU
		{4049E8C0-9F4E-4D26-B870-A11AA86BAC07}.Release|Any CPU.Build.0 = Release|Any CPU
		{42FEA438-10D4-40CF-8C94-E4A95431F94B}.Debug|Any CPU.ActiveCfg = Debug|Any CPU
		{42FEA438-10D4-40CF-8C94-E4A95431F94B}.Debug|Any CPU.Build.0 = Debug|Any CPU
		{42FEA438-10D4-40CF-8C94-E4A95431F94B}.Release|Any CPU.ActiveCfg = Release|Any CPU
		{42FEA438-10D4-40CF-8C94-E4A95431F94B}.Release|Any CPU.Build.0 = Release|Any CPU
		{85E18A9A-85D6-4749-90AC-4EDAC6064F15}.Debug|Any CPU.ActiveCfg = Debug|Any CPU
		{85E18A9A-85D6-4749-90AC-4EDAC6064F15}.Debug|Any CPU.Build.0 = Debug|Any CPU
		{85E18A9A-85D6-4749-90AC-4EDAC6064F15}.Release|Any CPU.ActiveCfg = Release|Any CPU
		{85E18A9A-85D6-4749-90AC-4EDAC6064F15}.Release|Any CPU.Build.0 = Release|Any CPU
		{0F08B1A9-6297-4E5A-ACD7-57FD045FC65D}.Debug|Any CPU.ActiveCfg = Debug|Any CPU
		{0F08B1A9-6297-4E5A-ACD7-57FD045FC65D}.Debug|Any CPU.Build.0 = Debug|Any CPU
		{0F08B1A9-6297-4E5A-ACD7-57FD045FC65D}.Release|Any CPU.ActiveCfg = Release|Any CPU
		{0F08B1A9-6297-4E5A-ACD7-57FD045FC65D}.Release|Any CPU.Build.0 = Release|Any CPU
	EndGlobalSection
	GlobalSection(SolutionProperties) = preSolution
		HideSolutionNode = FALSE
	EndGlobalSection
	GlobalSection(NestedProjects) = preSolution
		{DF190AFD-9351-49E9-A520-7A187682267B} = {25F50E25-484B-4341-834C-0428850DF752}
		{0285ACA7-87A2-49A7-8402-A1B02C4DA739} = {DF190AFD-9351-49E9-A520-7A187682267B}
		{61536B8D-EA82-4C5B-8086-4BBCB970C56D} = {346B6FA8-74D7-4558-82E4-693871F786B9}
		{7485CB3A-439C-4266-AEF9-1DBE08E18196} = {E235EA9D-A27C-49E3-99B2-8C2FE3BE9C3E}
		{70C21535-E109-4EFA-96D7-79F2E5BDDB0E} = {7485CB3A-439C-4266-AEF9-1DBE08E18196}
		{5761A79C-CF19-419E-B884-8C1D9F62FF53} = {23F25F93-8A99-4A32-9AB7-A872AC4E3B69}
		{4049E8C0-9F4E-4D26-B870-A11AA86BAC07} = {5761A79C-CF19-419E-B884-8C1D9F62FF53}
		{7205FF78-3954-4C3F-8AC7-40AFA029141F} = {CEEB1D62-813C-479C-B184-F9CF95C3EAD0}
		{EB39084F-AEEA-4A1C-A281-9B0CEBD2D0B7} = {CEEB1D62-813C-479C-B184-F9CF95C3EAD0}
		{42FEA438-10D4-40CF-8C94-E4A95431F94B} = {EB39084F-AEEA-4A1C-A281-9B0CEBD2D0B7}
		{85E18A9A-85D6-4749-90AC-4EDAC6064F15} = {7205FF78-3954-4C3F-8AC7-40AFA029141F}
		{0F08B1A9-6297-4E5A-ACD7-57FD045FC65D} = {E0823BF8-7420-4D83-9C14-10F2C3ABAE03}
	EndGlobalSection
	GlobalSection(ExtensibilityGlobals) = postSolution
		SolutionGuid = {FA98070F-EA93-4D35-AE28-FC9755025B60}
	EndGlobalSection
EndGlobal
