
Microsoft Visual Studio Solution File, Format Version 12.00
# Visual Studio Version 17
VisualStudioVersion = 17.2.32616.157
MinimumVisualStudioVersion = 10.0.40219.1
Project("{FAE04EC0-301F-11D3-BF4B-00C04F79EFBC}") = "Array_And_Collections", "Array_And_Collections\Array_And_Collections.csproj", "{7FD9ADA4-95DB-4A50-AD9F-964EC0DFD160}"
EndProject
Project("{FAE04EC0-301F-11D3-BF4B-00C04F79EFBC}") = "Generics", "Generics\Generics.csproj", "{9D84F1FD-CC06-46B2-9F09-064C7BCFEA5B}"
EndProject
Project("{2150E333-8FDC-42A3-9474-1A3956D46DE8}") = "Linked_List", "Linked_List", "{25F50E25-484B-4341-834C-0428850DF752}"
EndProject
Project("{2150E333-8FDC-42A3-9474-1A3956D46DE8}") = "SinglyLinkedList", "SinglyLinkedList", "{DF190AFD-9351-49E9-A520-7A187682267B}"
EndProject
Project("{FAE04EC0-301F-11D3-BF4B-00C04F79EFBC}") = "SinglyLinkedListt", "SinglyLinkedListt\SinglyLinkedListt.csproj", "{0285ACA7-87A2-49A7-8402-A1B02C4DA739}"
EndProject
Project("{2150E333-8FDC-42A3-9474-1A3956D46DE8}") = "DoublyLinkedList", "DoublyLinkedList", "{346B6FA8-74D7-4558-82E4-693871F786B9}"
EndProject
Project("{FAE04EC0-301F-11D3-BF4B-00C04F79EFBC}") = "LinkedListDouble", "LinkedListDouble\LinkedListDouble.csproj", "{61536B8D-EA82-4C5B-8086-4BBCB970C56D}"
EndProject
Global
	GlobalSection(SolutionConfigurationPlatforms) = preSolution
		Debug|Any CPU = Debug|Any CPU
		Release|Any CPU = Release|Any CPU
	EndGlobalSection
	GlobalSection(ProjectConfigurationPlatforms) = postSolution
		{7FD9ADA4-95DB-4A50-AD9F-964EC0DFD160}.Debug|Any CPU.ActiveCfg = Debug|Any CPU
		{7FD9ADA4-95DB-4A50-AD9F-964EC0DFD160}.Debug|Any CPU.Build.0 = Debug|Any CPU
		{7FD9ADA4-95DB-4A50-AD9F-964EC0DFD160}.Release|Any CPU.ActiveCfg = Release|Any CPU
		{7FD9ADA4-95DB-4A50-AD9F-964EC0DFD160}.Release|Any CPU.Build.0 = Release|Any CPU
		{9D84F1FD-CC06-46B2-9F09-064C7BCFEA5B}.Debug|Any CPU.ActiveCfg = Debug|Any CPU
		{9D84F1FD-CC06-46B2-9F09-064C7BCFEA5B}.Debug|Any CPU.Build.0 = Debug|Any CPU
		{9D84F1FD-CC06-46B2-9F09-064C7BCFEA5B}.Release|Any CPU.ActiveCfg = Release|Any CPU
		{9D84F1FD-CC06-46B2-9F09-064C7BCFEA5B}.Release|Any CPU.Build.0 = Release|Any CPU
		{0285ACA7-87A2-49A7-8402-A1B02C4DA739}.Debug|Any CPU.ActiveCfg = Debug|Any CPU
		{0285ACA7-87A2-49A7-8402-A1B02C4DA739}.Debug|Any CPU.Build.0 = Debug|Any CPU
		{0285ACA7-87A2-49A7-8402-A1B02C4DA739}.Release|Any CPU.ActiveCfg = Release|Any CPU
		{0285ACA7-87A2-49A7-8402-A1B02C4DA739}.Release|Any CPU.Build.0 = Release|Any CPU
		{61536B8D-EA82-4C5B-8086-4BBCB970C56D}.Debug|Any CPU.ActiveCfg = Debug|Any CPU
		{61536B8D-EA82-4C5B-8086-4BBCB970C56D}.Debug|Any CPU.Build.0 = Debug|Any CPU
		{61536B8D-EA82-4C5B-8086-4BBCB970C56D}.Release|Any CPU.ActiveCfg = Release|Any CPU
		{61536B8D-EA82-4C5B-8086-4BBCB970C56D}.Release|Any CPU.Build.0 = Release|Any CPU
	EndGlobalSection
	GlobalSection(SolutionProperties) = preSolution
		HideSolutionNode = FALSE
	EndGlobalSection
	GlobalSection(NestedProjects) = preSolution
		{DF190AFD-9351-49E9-A520-7A187682267B} = {25F50E25-484B-4341-834C-0428850DF752}
		{0285ACA7-87A2-49A7-8402-A1B02C4DA739} = {DF190AFD-9351-49E9-A520-7A187682267B}
		{61536B8D-EA82-4C5B-8086-4BBCB970C56D} = {346B6FA8-74D7-4558-82E4-693871F786B9}
	EndGlobalSection
	GlobalSection(ExtensibilityGlobals) = postSolution
		SolutionGuid = {FA98070F-EA93-4D35-AE28-FC9755025B60}
	EndGlobalSection
EndGlobal
